# This is a Gradle generated file for dependency locking.
# Manual edits can break the build and are not advised.
# This file is expected to be part of source control.
ch.qos.logback:logback-classic:1.5.15=jmhRuntimeClasspath,testRuntimeClasspath
ch.qos.logback:logback-core:1.5.15=jmhRuntimeClasspath,testRuntimeClasspath
com.fasterxml.jackson.core:jackson-annotations:2.21=jmhRuntimeClasspath,runtimeClasspath,testRuntimeClasspath
com.fasterxml.jackson.core:jackson-core:2.21.0=jmhRuntimeClasspath,runtimeClasspath,testRuntimeClasspath
com.fasterxml.jackson.core:jackson-databind:2.21.0=jmhRuntimeClasspath,runtimeClasspath,testRuntimeClasspath
com.fasterxml.jackson.datatype:jackson-datatype-jsr310:2.21.0=jmhRuntimeClasspath,runtimeClasspath,testRuntimeClasspath
com.fasterxml.jackson:jackson-bom:2.21.0=jmhRuntimeClasspath,runtimeClasspath,testRuntimeClasspath
com.github.ben-manes.caffeine:caffeine:3.1.8=jmhCompileClasspath,jmhRuntimeClasspath
com.github.ben-manes.caffeine:jcache:3.1.8=jmhCompileClasspath,jmhRuntimeClasspath
com.github.spotbugs:spotbugs-annotations:4.9.8=spotbugs
com.github.spotbugs:spotbugs:4.9.8=spotbugs
com.github.stephenc.jcip:jcip-annotations:1.0-1=spotbugs
com.google.android:annotations:4.1.1.4=sigstoreClientClasspath
com.google.api.grpc:proto-google-common-protos:2.51.0=sigstoreClientClasspath
com.google.code.findbugs:jsr305:3.0.2=sigstoreClientClasspath,spotbugs
com.google.code.gson:gson:2.13.2=sigstoreClientClasspath,spotbugs
com.google.errorprone:error_prone_annotations:2.21.1=jmhCompileClasspath,jmhRuntimeClasspath
com.google.errorprone:error_prone_annotations:2.41.0=sigstoreClientClasspath,spotbugs
com.google.flatbuffers:flatbuffers-java:25.2.10=jmhRuntimeClasspath,runtimeClasspath,testRuntimeClasspath
com.google.guava:failureaccess:1.0.2=sigstoreClientClasspath
com.google.guava:guava:33.3.1-android=sigstoreClientClasspath
com.google.guava:listenablefuture:9999.0-empty-to-avoid-conflict-with-guava=sigstoreClientClasspath
com.google.http-client:google-http-client-apache-v2:1.47.1=sigstoreClientClasspath
com.google.http-client:google-http-client-bom:1.47.1=sigstoreClientClasspath
com.google.http-client:google-http-client-gson:1.47.1=sigstoreClientClasspath
com.google.http-client:google-http-client:1.47.1=sigstoreClientClasspath
com.google.j2objc:j2objc-annotations:3.0.0=sigstoreClientClasspath
com.google.oauth-client:google-oauth-client-bom:1.39.0=sigstoreClientClasspath
com.google.oauth-client:google-oauth-client-java6:1.39.0=sigstoreClientClasspath
com.google.oauth-client:google-oauth-client-jetty:1.39.0=sigstoreClientClasspath
com.google.oauth-client:google-oauth-client:1.39.0=sigstoreClientClasspath
com.google.protobuf:protobuf-bom:4.30.2=sigstoreClientClasspath
com.google.protobuf:protobuf-java-util:4.30.2=sigstoreClientClasspath
com.google.protobuf:protobuf-java:4.30.2=sigstoreClientClasspath
com.ning:compress-lzf:1.1.2=jmhRuntimeClasspath,runtimeClasspath,testRuntimeClasspath
com.nvidia.cuvs:cuvs-java:25.10.0=compileClasspath,jmhCompileClasspath,jmhRuntimeClasspath,runtimeClasspath,testCompileClasspath,testRuntimeClasspath
com.typesafe:config:1.4.2=jmhCompileClasspath,jmhRuntimeClasspath
commons-codec:commons-codec:1.18.0=sigstoreClientClasspath
commons-codec:commons-codec:1.21.0=jmhRuntimeClasspath,runtimeClasspath,testRuntimeClasspath
commons-io:commons-io:2.20.0=spotbugs
commons-logging:commons-logging:1.2=jmhRuntimeClasspath,runtimeClasspath,sigstoreClientClasspath,testRuntimeClasspath
dev.sigstore:sigstore-java:2.0.0=sigstoreClientClasspath
io.github.erdtman:java-json-canonicalization:1.1=sigstoreClientClasspath
io.grpc:grpc-api:1.71.0=sigstoreClientClasspath
io.grpc:grpc-bom:1.71.0=sigstoreClientClasspath
io.grpc:grpc-context:1.71.0=sigstoreClientClasspath
io.grpc:grpc-core:1.71.0=sigstoreClientClasspath
io.grpc:grpc-netty-shaded:1.71.0=sigstoreClientClasspath
io.grpc:grpc-protobuf-lite:1.71.0=sigstoreClientClasspath
io.grpc:grpc-protobuf:1.71.0=sigstoreClientClasspath
io.grpc:grpc-stub:1.71.0=sigstoreClientClasspath
io.grpc:grpc-util:1.71.0=sigstoreClientClasspath
io.jhdf:jhdf:0.9.4=compileClasspath,jmhCompileClasspath,jmhRuntimeClasspath,runtimeClasspath,testCompileClasspath,testRuntimeClasspath
io.netty:netty-buffer:4.1.115.Final=jmhRuntimeClasspath,runtimeClasspath,testRuntimeClasspath
io.netty:netty-codec-http2:4.1.115.Final=jmhRuntimeClasspath,runtimeClasspath,testRuntimeClasspath
io.netty:netty-codec-http:4.1.115.Final=jmhRuntimeClasspath,runtimeClasspath,testRuntimeClasspath
io.netty:netty-codec:4.1.115.Final=jmhRuntimeClasspath,runtimeClasspath,testRuntimeClasspath
io.netty:netty-common:4.1.115.Final=jmhRuntimeClasspath,runtimeClasspath,testRuntimeClasspath
io.netty:netty-handler:4.1.115.Final=jmhRuntimeClasspath,runtimeClasspath,testRuntimeClasspath
io.netty:netty-resolver:4.1.115.Final=jmhRuntimeClasspath,runtimeClasspath,testRuntimeClasspath
io.netty:netty-transport-classes-epoll:4.1.115.Final=jmhRuntimeClasspath,runtimeClasspath,testRuntimeClasspath
io.netty:netty-transport-native-unix-common:4.1.115.Final=jmhRuntimeClasspath,runtimeClasspath,testRuntimeClasspath
io.netty:netty-transport:4.1.115.Final=jmhRuntimeClasspath,runtimeClasspath,testRuntimeClasspath
io.opencensus:opencensus-api:0.31.1=sigstoreClientClasspath
io.opencensus:opencensus-contrib-http-util:0.31.1=sigstoreClientClasspath
io.perfmark:perfmark-api:0.27.0=sigstoreClientClasspath
jakarta.inject:jakarta.inject-api:2.0.1=jmhCompileClasspath,jmhRuntimeClasspath
javax.cache:cache-api:1.1.1=jmhCompileClasspath,jmhRuntimeClasspath
jaxen:jaxen:2.0.0=spotbugs
net.bytebuddy:byte-buddy-agent:1.15.11=jmhRuntimeClasspath,testCompileClasspath,testRuntimeClasspath
net.bytebuddy:byte-buddy:1.15.11=jmhRuntimeClasspath,testCompileClasspath,testRuntimeClasspath
net.sf.jopt-simple:jopt-simple:5.0.4=annotationProcessor,compileClasspath,jmh,jmhCompileClasspath,jmhRuntimeClasspath,runtimeClasspath,testCompileClasspath,testRuntimeClasspath
net.sf.saxon:Saxon-HE:12.9=spotbugs
org.apache.arrow:arrow-format:19.0.0=jmhRuntimeClasspath,runtimeClasspath,testRuntimeClasspath
org.apache.arrow:arrow-memory-core:19.0.0=jmhRuntimeClasspath,runtimeClasspath,testRuntimeClasspath
org.apache.arrow:arrow-memory-unsafe:19.0.0=jmhRuntimeClasspath,runtimeClasspath,testRuntimeClasspath
org.apache.arrow:arrow-vector:19.0.0=jmhRuntimeClasspath,runtimeClasspath,testRuntimeClasspath
org.apache.bcel:bcel:6.11.0=spotbugs
org.apache.commons:commons-lang3:3.17.0=jmhRuntimeClasspath,runtimeClasspath,testRuntimeClasspath
org.apache.commons:commons-lang3:3.19.0=spotbugs
org.apache.commons:commons-math3:3.2=jmh
org.apache.commons:commons-math3:3.6.1=annotationProcessor,compileClasspath,jmhCompileClasspath,jmhRuntimeClasspath,runtimeClasspath,testCompileClasspath,testRuntimeClasspath
org.apache.commons:commons-text:1.14.0=spotbugs
org.apache.httpcomponents:httpclient:4.5.13=jmhRuntimeClasspath,runtimeClasspath,testRuntimeClasspath
org.apache.httpcomponents:httpclient:4.5.14=sigstoreClientClasspath
org.apache.httpcomponents:httpcore:4.4.16=jmhRuntimeClasspath,runtimeClasspath,sigstoreClientClasspath,testRuntimeClasspath
org.apache.logging.log4j:log4j-api:2.25.2=spotbugs
org.apache.logging.log4j:log4j-core:2.25.2=spotbugs
org.apiguardian:apiguardian-api:1.1.2=testCompileClasspath
org.assertj:assertj-core:3.27.2=jmhRuntimeClasspath,testCompileClasspath,testRuntimeClasspath
org.bouncycastle:bcpkix-jdk18on:1.82=sigstoreClientClasspath
org.bouncycastle:bcprov-jdk18on:1.82=sigstoreClientClasspath
org.bouncycastle:bcutil-jdk18on:1.82=sigstoreClientClasspath
org.checkerframework:checker-qual:3.37.0=jmhCompileClasspath,jmhRuntimeClasspath
org.checkerframework:checker-qual:3.43.0=sigstoreClientClasspath
org.codehaus.mojo:animal-sniffer-annotations:1.24=sigstoreClientClasspath
org.dom4j:dom4j:2.2.0=spotbugs
org.jacoco:org.jacoco.agent:0.8.14=jacocoAgent,jacocoAnt
org.jacoco:org.jacoco.ant:0.8.14=jacocoAnt
org.jacoco:org.jacoco.core:0.8.14=jacocoAnt
org.jacoco:org.jacoco.report:0.8.14=jacocoAnt
org.junit.jupiter:junit-jupiter-api:5.11.4=jmhRuntimeClasspath,testCompileClasspath,testRuntimeClasspath
org.junit.jupiter:junit-jupiter-engine:5.11.4=jmhRuntimeClasspath,testRuntimeClasspath
org.junit.jupiter:junit-jupiter-params:5.11.4=jmhRuntimeClasspath,testCompileClasspath,testRuntimeClasspath
org.junit.jupiter:junit-jupiter:5.11.4=jmhRuntimeClasspath,testCompileClasspath,testRuntimeClasspath
org.junit.platform:junit-platform-commons:1.11.4=jmhRuntimeClasspath,testCompileClasspath,testRuntimeClasspath
org.junit.platform:junit-platform-engine:1.11.4=jmhRuntimeClasspath,testRuntimeClasspath
org.junit.platform:junit-platform-launcher:1.11.4=jmhRuntimeClasspath,testRuntimeClasspath
org.junit:junit-bom:5.11.4=jmhRuntimeClasspath,testCompileClasspath,testRuntimeClasspath
org.junit:junit-bom:5.14.0=spotbugs
org.lz4:lz4-java:1.8.0=jmhRuntimeClasspath,runtimeClasspath,testRuntimeClasspath
org.mockito:mockito-core:5.15.2=jmhRuntimeClasspath,testCompileClasspath,testRuntimeClasspath
org.mockito:mockito-junit-jupiter:5.15.2=jmhRuntimeClasspath,testCompileClasspath,testRuntimeClasspath
org.objenesis:objenesis:3.3=jmhRuntimeClasspath,testRuntimeClasspath
org.openjdk.jmh:jmh-core:1.36=jmh
org.openjdk.jmh:jmh-core:1.37=annotationProcessor,compileClasspath,jmhCompileClasspath,jmhRuntimeClasspath,runtimeClasspath,testCompileClasspath,testRuntimeClasspath
org.openjdk.jmh:jmh-generator-annprocess:1.37=annotationProcessor
org.openjdk.jmh:jmh-generator-asm:1.36=jmh,jmhCompileClasspath,jmhRuntimeClasspath
org.openjdk.jmh:jmh-generator-bytecode:1.36=jmh,jmhCompileClasspath,jmhRuntimeClasspath
org.openjdk.jmh:jmh-generator-reflection:1.36=jmh,jmhCompileClasspath,jmhRuntimeClasspath
org.opentest4j:opentest4j:1.3.0=jmhRuntimeClasspath,testCompileClasspath,testRuntimeClasspath
org.osgi:org.osgi.namespace.extender:1.0.1=jmhCompileClasspath,jmhRuntimeClasspath
org.osgi:org.osgi.service.component.annotations:1.5.1=jmhCompileClasspath,jmhRuntimeClasspath
org.osgi:org.osgi.util.function:1.0.0=jmhCompileClasspath,jmhRuntimeClasspath
org.osgi:org.osgi.util.promise:1.0.0=jmhCompileClasspath,jmhRuntimeClasspath
org.osgi:osgi.annotation:8.1.0=jmhCompileClasspath,jmhRuntimeClasspath
org.ow2.asm:asm-analysis:9.9=spotbugs
org.ow2.asm:asm-commons:9.9=jacocoAnt,spotbugs
org.ow2.asm:asm-tree:9.9=jacocoAnt,spotbugs
org.ow2.asm:asm-util:9.9=spotbugs
org.ow2.asm:asm:9.0=jmh,jmhCompileClasspath,jmhRuntimeClasspath
org.ow2.asm:asm:9.9=jacocoAnt,spotbugs
org.reactivestreams:reactive-streams:1.0.4=compileClasspath,jmhCompileClasspath,jmhRuntimeClasspath,runtimeClasspath,testCompileClasspath,testRuntimeClasspath
org.slf4j:slf4j-api:2.0.16=compileClasspath,jmhCompileClasspath,testCompileClasspath
org.slf4j:slf4j-api:2.0.17=jmhRuntimeClasspath,runtimeClasspath,spotbugs,spotbugsSlf4j,testRuntimeClasspath
org.slf4j:slf4j-simple:2.0.17=spotbugsSlf4j
org.xmlresolver:xmlresolver:5.3.3=spotbugs
software.amazon.awssdk:annotations:2.29.52=compileClasspath,jmhCompileClasspath,jmhRuntimeClasspath,runtimeClasspath,testCompileClasspath,testRuntimeClasspath
software.amazon.awssdk:apache-client:2.29.52=jmhRuntimeClasspath,runtimeClasspath,testRuntimeClasspath
software.amazon.awssdk:arns:2.29.52=compileClasspath,jmhCompileClasspath,jmhRuntimeClasspath,runtimeClasspath,testCompileClasspath,testRuntimeClasspath
software.amazon.awssdk:auth:2.29.52=compileClasspath,jmhCompileClasspath,jmhRuntimeClasspath,runtimeClasspath,testCompileClasspath,testRuntimeClasspath
software.amazon.awssdk:aws-core:2.29.52=compileClasspath,jmhCompileClasspath,jmhRuntimeClasspath,runtimeClasspath,testCompileClasspath,testRuntimeClasspath
software.amazon.awssdk:aws-query-protocol:2.29.52=compileClasspath,jmhCompileClasspath,jmhRuntimeClasspath,runtimeClasspath,testCompileClasspath,testRuntimeClasspath
software.amazon.awssdk:aws-xml-protocol:2.29.52=compileClasspath,jmhCompileClasspath,jmhRuntimeClasspath,runtimeClasspath,testCompileClasspath,testRuntimeClasspath
software.amazon.awssdk:checksums-spi:2.29.52=compileClasspath,jmhCompileClasspath,jmhRuntimeClasspath,runtimeClasspath,testCompileClasspath,testRuntimeClasspath
software.amazon.awssdk:checksums:2.29.52=compileClasspath,jmhCompileClasspath,jmhRuntimeClasspath,runtimeClasspath,testCompileClasspath,testRuntimeClasspath
software.amazon.awssdk:crt-core:2.29.52=compileClasspath,jmhCompileClasspath,jmhRuntimeClasspath,runtimeClasspath,testCompileClasspath,testRuntimeClasspath
software.amazon.awssdk:endpoints-spi:2.29.52=compileClasspath,jmhCompileClasspath,jmhRuntimeClasspath,runtimeClasspath,testCompileClasspath,testRuntimeClasspath
software.amazon.awssdk:http-auth-aws-eventstream:2.29.52=compileClasspath,jmhCompileClasspath,jmhRuntimeClasspath,runtimeClasspath,testCompileClasspath,testRuntimeClasspath
software.amazon.awssdk:http-auth-aws:2.29.52=compileClasspath,jmhCompileClasspath,jmhRuntimeClasspath,runtimeClasspath,testCompileClasspath,testRuntimeClasspath
software.amazon.awssdk:http-auth-spi:2.29.52=compileClasspath,jmhCompileClasspath,jmhRuntimeClasspath,runtimeClasspath,testCompileClasspath,testRuntimeClasspath
software.amazon.awssdk:http-auth:2.29.52=compileClasspath,jmhCompileClasspath,jmhRuntimeClasspath,runtimeClasspath,testCompileClasspath,testRuntimeClasspath
software.amazon.awssdk:http-client-spi:2.29.52=compileClasspath,jmhCompileClasspath,jmhRuntimeClasspath,runtimeClasspath,testCompileClasspath,testRuntimeClasspath
software.amazon.awssdk:identity-spi:2.29.52=compileClasspath,jmhCompileClasspath,jmhRuntimeClasspath,runtimeClasspath,testCompileClasspath,testRuntimeClasspath
software.amazon.awssdk:json-utils:2.29.52=compileClasspath,jmhCompileClasspath,jmhRuntimeClasspath,runtimeClasspath,testCompileClasspath,testRuntimeClasspath
software.amazon.awssdk:metrics-spi:2.29.52=compileClasspath,jmhCompileClasspath,jmhRuntimeClasspath,runtimeClasspath,testCompileClasspath,testRuntimeClasspath
software.amazon.awssdk:netty-nio-client:2.29.52=jmhRuntimeClasspath,runtimeClasspath,testRuntimeClasspath
software.amazon.awssdk:profiles:2.29.52=compileClasspath,jmhCompileClasspath,jmhRuntimeClasspath,runtimeClasspath,testCompileClasspath,testRuntimeClasspath
software.amazon.awssdk:protocol-core:2.29.52=compileClasspath,jmhCompileClasspath,jmhRuntimeClasspath,runtimeClasspath,testCompileClasspath,testRuntimeClasspath
software.amazon.awssdk:regions:2.29.52=compileClasspath,jmhCompileClasspath,jmhRuntimeClasspath,runtimeClasspath,testCompileClasspath,testRuntimeClasspath
software.amazon.awssdk:retries-spi:2.29.52=compileClasspath,jmhCompileClasspath,jmhRuntimeClasspath,runtimeClasspath,testCompileClasspath,testRuntimeClasspath
software.amazon.awssdk:retries:2.29.52=compileClasspath,jmhCompileClasspath,jmhRuntimeClasspath,runtimeClasspath,testCompileClasspath,testRuntimeClasspath
software.amazon.awssdk:s3:2.29.52=compileClasspath,jmhCompileClasspath,jmhRuntimeClasspath,runtimeClasspath,testCompileClasspath,testRuntimeClasspath
software.amazon.awssdk:sdk-core:2.29.52=compileClasspath,jmhCompileClasspath,jmhRuntimeClasspath,runtimeClasspath,testCompileClasspath,testRuntimeClasspath
software.amazon.awssdk:third-party-jackson-core:2.29.52=compileClasspath,jmhCompileClasspath,jmhRuntimeClasspath,runtimeClasspath,testCompileClasspath,testRuntimeClasspath
software.amazon.awssdk:utils:2.29.52=compileClasspath,jmhCompileClasspath,jmhRuntimeClasspath,runtimeClasspath,testCompileClasspath,testRuntimeClasspath
software.amazon.eventstream:eventstream:1.0.1=compileClasspath,jmhCompileClasspath,jmhRuntimeClasspath,runtimeClasspath,testCompileClasspath,testRuntimeClasspath
empty=cyclonedxBom,jmhAnnotationProcessor,spotbugsPlugins,testAnnotationProcessor
